
Microsoft Visual Studio Solution File, Format Version 12.00
# Visual Studio Version 17
VisualStudioVersion = 17.3.32825.248
MinimumVisualStudioVersion = 10.0.40219.1
Project("{FAE04EC0-301F-11D3-BF4B-00C04F79EFBC}") = "AvaliacaoD3", "AvaliacaoD3\AvaliacaoD3.csproj", "{A318147F-7CA6-403D-B7E6-2DC3692AB011}"
EndProject
Global
	GlobalSection(SolutionConfigurationPlatforms) = preSolution
		Debug|Any CPU = Debug|Any CPU
		Release|Any CPU = Release|Any CPU
	EndGlobalSection
	GlobalSection(ProjectConfigurationPlatforms) = postSolution
		{A318147F-7CA6-403D-B7E6-2DC3692AB011}.Debug|Any CPU.ActiveCfg = Debug|Any CPU
		{A318147F-7CA6-403D-B7E6-2DC3692AB011}.Debug|Any CPU.Build.0 = Debug|Any CPU
		{A318147F-7CA6-403D-B7E6-2DC3692AB011}.Release|Any CPU.ActiveCfg = Release|Any CPU
		{A318147F-7CA6-403D-B7E6-2DC3692AB011}.Release|Any CPU.Build.0 = Release|Any CPU
	EndGlobalSection
	GlobalSection(SolutionProperties) = preSolution
		HideSolutionNode = FALSE
	EndGlobalSection
	GlobalSection(ExtensibilityGlobals) = postSolution
		SolutionGuid = {BB6941E3-9DF4-46B3-8399-3FA42664B43D}
	EndGlobalSection
EndGlobal
